
Microsoft Visual Studio Solution File, Format Version 12.00
# Visual Studio Version 16
VisualStudioVersion = 16.0.29411.108
MinimumVisualStudioVersion = 10.0.40219.1
Project("{FAE04EC0-301F-11D3-BF4B-00C04F79EFBC}") = "SleepApp", "SleepApp.csproj", "{AFABF0CD-3941-4136-9F34-9A70F90B3460}"
EndProject
Global
	GlobalSection(SolutionConfigurationPlatforms) = preSolution
		Debug|Any CPU = Debug|Any CPU
		Release|Any CPU = Release|Any CPU
	EndGlobalSection
	GlobalSection(ProjectConfigurationPlatforms) = postSolution
		{AFABF0CD-3941-4136-9F34-9A70F90B3460}.Debug|Any CPU.ActiveCfg = Debug|Any CPU
		{AFABF0CD-3941-4136-9F34-9A70F90B3460}.Debug|Any CPU.Build.0 = Debug|Any CPU
		{AFABF0CD-3941-4136-9F34-9A70F90B3460}.Release|Any CPU.ActiveCfg = Release|Any CPU
		{AFABF0CD-3941-4136-9F34-9A70F90B3460}.Release|Any CPU.Build.0 = Release|Any CPU
	EndGlobalSection
	GlobalSection(SolutionProperties) = preSolution
		HideSolutionNode = FALSE
	EndGlobalSection
	GlobalSection(ExtensibilityGlobals) = postSolution
		SolutionGuid = {619D3A2B-A97C-4266-8518-1D9BFDF997D3}
	EndGlobalSection
EndGlobal
